github.com/coreos/go-systemd/v22 v22.3.3-0.20220203105225-a9a7ef127534/go.mod h1:Y58oyj3AT4RCenI/lSvhwexgC+NSVTIJ3seZv2GcEnc=
github.com/davecgh/go-spew v1.1.1 h1:vj9j/u1bqnvCEfJOwUhtlOARqs3+rkHYY13jYWTU97c=
github.com/godbus/dbus/v5 v5.0.4/go.mod h1:xhWf0FNVPg57R7Z0UbKHbJfkEywrmjJnf7w5xrFpKfA=
github.com/golang/mock v1.6.0 h1:ErTB+efbowRARo13NNdxyJji2egdxLGQhRaY+DUumQc=
github.com/gorilla/websocket v1.5.0 h1:PPwGk2jz7EePpoHN/+ClbZu8SPxiqlu12wZP/3sWmnc=
github.com/gorilla/websocket v1.5.0/go.mod h1:YR8l580nyteQvAITg2hZ9XVh4b55+EU/adAjf1fMHhE=
github.com/joho/godotenv v1.4.0 h1:3l4+N6zfMWnkbPEXKng2o2/MR5mSwTrBih4ZEkkz1lg=
github.com/joho/godotenv v1.4.0/go.mod h1:f4LDr5Voq0i2e/R5DDNOoa2zzDfwtkZa6DnEwAbqwq4=
github.com/mattn/go-colorable v0.1.12 h1:jF+Du6AlPIjs2BiUiQlKOX0rt3SujHxPnksPKZbaA40=
github.com/mattn/go-colorable v0.1.12/go.mod h1:u5H1YNBxpqRaxsYJYSkiCWKzEfiAb1Gb520KVy5xxl4=
github.com/mattn/go-isatty v0.0.14 h1:yVuAays6BHfxijgZPzw+3Zlu5yQgKGP2/hcQbHb7S9Y=
github.com/mattn/go-isatty v0.0.14/go.mod h1:7GGIvUiUoEMVVmxf/4nioHXj79iQHKdU27kJ6hsGG94=
github.com/metinorak/varto v0.0.0-20221217234943-eb33cf436b26 h1:XdwYIsqoYLOcNVjeCVbD6ADNNKkZfXpviQ+yADMc4a4=
github.com/metinorak/varto v0.0.0-20221217234943-eb33cf436b26/go.mod h1:q2iggAqAJobtow9JTMzYRhHzebdGwQCs42/9UmPTP8E=
github.com/metinorak/varto v0.0.0-20221218115507-df7080dd672f h1:JVKR34Uko6BT06Wtwt2DZ0QuvNNwdNtmm2hqvS86Nps=
github.com/metinorak/varto v0.0.0-20221218115507-df7080dd672f/go.mod h1:q2iggAqAJobtow9JTMzYRhHzebdGwQCs42/9UmPTP8E=
github.com/metinorak/varto v0.0.0-20221218203204-11de43bd9ba9 h1:mSOenS2yKdivXNKWWasiobhgzRXDbuU/Tox5gO/bG14=
github.com/metinorak/varto v0.0.0-20221218203204-11de43bd9ba9/go.mod h1:q2iggAqAJobtow9JTMzYRhHzebdGwQCs42/9UmPTP8E=
github.com/metinorak/varto v0.0.0-20230105184204-2b098978bc1b h1:S6KozjCsxgaSsu1Pnc1xqGsAak/Cc1unfJBOTaLQcPA=
github.com/metinorak/varto v0.0.0-20230105184204-2b098978bc1b/go.mod h1:q2iggAqAJobtow9JTMzYRhHzebdGwQCs42/9UmPTP8E=
github.com/metinorak/wspubsub v0.0.0-20221217235106-47c379fe802f h1:llOOffl9//4fncBrnDS7ElLfMdME4uBVuQ3yINTOX2g=
github.com/metinorak/wspubsub v0.0.0-20221217235106-47c379fe802f/go.mod h1:qVBmGmDZpvJpsIxSf9qI87QLUOncU6X6X3lM1/gvrv8=
github.com/metinorak/wspubsub v0.0.0-20221218115612-f226d39d51fb h1:OkLKrSK8p+6s3ZjC5+JV5+QT7738dEHEkrlCPpqjBhE=
github.com/metinorak/wspubsub v0.0.0-20221218115612-f226d39d51fb/go.mod h1:34CxF7zQUJJhTIDQWsWt6vBFHuhK07NWcIUzs+RDRhg=
github.com/metinorak/wspubsub v0.0.0-20221220212351-a5e435678908 h1:LXMVNwAnUD07e8kNxJrO7HAazcyKl158iiH2eCTbyD4=
github.com/metinorak/wspubsub v0.0.0-20221220212351-a5e435678908/go.mod h1:7wVKJutynYscRpcahrxzotZizL+jgB0rhiunPADt5bU=
github.com/metinorak/wspubsub v0.0.0-20221220213334-ba5ede005712 h1:ftKnPn15VfagdDQiBmwXqAw2OqCMb/YJROOy6IZtNG8=
github.com/metinorak/wspubsub v0.0.0-20221220213334-ba5ede005712/go.mod h1:7wVKJutynYscRpcahrxzotZizL+jgB0rhiunPADt5bU=
github.com/metinorak/wspubsub v0.0.0-20230105184322-2537919496cf h1:vwoIKfsjyuUSvU7CtewUp1Pi70ifJtpYbnYYzGhAeDc=
github.com/metinorak/wspubsub v0.0.0-20230105184322-2537919496cf/go.mod h1:EPRSXw3cxBSXRzsAVJhZZsvZ//c1uFyCDnZnGw3gX+I=
github.com/pkg/errors v0.9.1 h1:FEBLx1zS214owpjy7qsBeixbURkuhQAwrK5UwLGTwt4=
github.com/pkg/errors v0.9.1/go.mod h1:bwawxfHBFNV+L2hUp1rHADufV3IMtnDRdf1r5NINEl0=
github.com/pmezard/go-difflib v1.0.0 h1:4DBwDE0NGyQoBHbLQYPwSUPoCMWR5BEzIk/f1lZbAQM=
github.com/rs/xid v1.4.0/go.mod h1:trrq9SKmegXys3aeAKXMUTdJsYXVwGY3RLcfgqegfbg=
github.com/rs/zerolog v1.28.0 h1:MirSo27VyNi7RJYP3078AA1+Cyzd2GB66qy3aUHvsWY=
github.com/rs/zerolog v1.28.0/go.mod h1:NILgTygv/Uej1ra5XxGf82ZFSLk58MFGAUS2o6usyD0=
github.com/stretchr/testify v1.8.1 h1:w7B6lhMri9wdJUVmEZPGGhZzrYTPvgJArz7wNPgYKsk=
golang.org/x/sys v0.0.0-20210630005230-0f9fa26af87c/go.mod h1:oPkhp1MJrh7nUepCBck5+mAzfO9JrbApNNgaTdGDITg=
golang.org/x/sys v0.0.0-20210927094055-39ccf1dd6fa6 h1:foEbQz/B0Oz6YIqu/69kfXPYeFQAuuMYFkjaqXzl5Wo=
golang.org/x/sys v0.0.0-20210927094055-39ccf1dd6fa6/go.mod h1:oPkhp1MJrh7nUepCBck5+mAzfO9JrbApNNgaTdGDITg=
gopkg.in/yaml.v3 v3.0.1 h1:fxVm/GzAzEWqLHuvctI91KS9hhNmmWOoWu0XTYJS7CA=
